
Microsoft Visual Studio Solution File, Format Version 12.00
# Visual Studio Version 17
VisualStudioVersion = 17.8.34330.188
MinimumVisualStudioVersion = 10.0.40219.1
Project("{9A19103F-16F7-4668-BE54-9A1E7A4F7556}") = "BulkyWeb", "BulkyApp\BulkyWeb.csproj", "{D11775FF-11D0-447C-A8EE-1D3E87DA789D}"
EndProject
Project("{9A19103F-16F7-4668-BE54-9A1E7A4F7556}") = "Bulky.DataAccess", "Bulky.DataAccess\Bulky.DataAccess.csproj", "{86720B51-1E53-4BB1-8496-D2ED0B748A22}"
EndProject
Project("{9A19103F-16F7-4668-BE54-9A1E7A4F7556}") = "Bulky.Models", "Bulky.Models\Bulky.Models.csproj", "{73C9C976-9FE2-47DB-8068-72F15136EA6B}"
EndProject
Project("{9A19103F-16F7-4668-BE54-9A1E7A4F7556}") = "Bulky.Utility", "Bulky.Utility\Bulky.Utility.csproj", "{ECB7453B-6338-453A-A05A-DEBFA5C9A29A}"
EndProject
Project("{2150E333-8FDC-42A3-9474-1A3956D46DE8}") = "Solution Items", "Solution Items", "{9CFF6852-A92C-4BCC-8E33-401AC8CDC4C6}"
	ProjectSection(SolutionItems) = preProject
		ReadMe.txt = ReadMe.txt
	EndProjectSection
EndProject
Global
	GlobalSection(SolutionConfigurationPlatforms) = preSolution
		Debug|Any CPU = Debug|Any CPU
		Release|Any CPU = Release|Any CPU
	EndGlobalSection
	GlobalSection(ProjectConfigurationPlatforms) = postSolution
		{D11775FF-11D0-447C-A8EE-1D3E87DA789D}.Debug|Any CPU.ActiveCfg = Debug|Any CPU
		{D11775FF-11D0-447C-A8EE-1D3E87DA789D}.Debug|Any CPU.Build.0 = Debug|Any CPU
		{D11775FF-11D0-447C-A8EE-1D3E87DA789D}.Release|Any CPU.ActiveCfg = Release|Any CPU
		{D11775FF-11D0-447C-A8EE-1D3E87DA789D}.Release|Any CPU.Build.0 = Release|Any CPU
		{86720B51-1E53-4BB1-8496-D2ED0B748A22}.Debug|Any CPU.ActiveCfg = Debug|Any CPU
		{86720B51-1E53-4BB1-8496-D2ED0B748A22}.Debug|Any CPU.Build.0 = Debug|Any CPU
		{86720B51-1E53-4BB1-8496-D2ED0B748A22}.Release|Any CPU.ActiveCfg = Release|Any CPU
		{86720B51-1E53-4BB1-8496-D2ED0B748A22}.Release|Any CPU.Build.0 = Release|Any CPU
		{73C9C976-9FE2-47DB-8068-72F15136EA6B}.Debug|Any CPU.ActiveCfg = Debug|Any CPU
		{73C9C976-9FE2-47DB-8068-72F15136EA6B}.Debug|Any CPU.Build.0 = Debug|Any CPU
		{73C9C976-9FE2-47DB-8068-72F15136EA6B}.Release|Any CPU.ActiveCfg = Release|Any CPU
		{73C9C976-9FE2-47DB-8068-72F15136EA6B}.Release|Any CPU.Build.0 = Release|Any CPU
		{ECB7453B-6338-453A-A05A-DEBFA5C9A29A}.Debug|Any CPU.ActiveCfg = Debug|Any CPU
		{ECB7453B-6338-453A-A05A-DEBFA5C9A29A}.Debug|Any CPU.Build.0 = Debug|Any CPU
		{ECB7453B-6338-453A-A05A-DEBFA5C9A29A}.Release|Any CPU.ActiveCfg = Release|Any CPU
		{ECB7453B-6338-453A-A05A-DEBFA5C9A29A}.Release|Any CPU.Build.0 = Release|Any CPU
	EndGlobalSection
	GlobalSection(SolutionProperties) = preSolution
		HideSolutionNode = FALSE
	EndGlobalSection
	GlobalSection(ExtensibilityGlobals) = postSolution
		SolutionGuid = {E8BDAC80-24D9-4CA3-8AFC-A1C43B81FA42}
	EndGlobalSection
EndGlobal
